
Microsoft Visual Studio Solution File, Format Version 12.00
# Visual Studio Version 17
VisualStudioVersion = 17.4.33103.184
MinimumVisualStudioVersion = 10.0.40219.1
Project("{888888A0-9F3D-457C-B088-3A5042F75D52}") = "Teston", "Teston\Teston.pyproj", "{6496C654-A01E-4165-A35A-F7B8A0FE884D}"
EndProject
Global
	GlobalSection(SolutionConfigurationPlatforms) = preSolution
		Debug|Any CPU = Debug|Any CPU
		Release|Any CPU = Release|Any CPU
	EndGlobalSection
	GlobalSection(ProjectConfigurationPlatforms) = postSolution
		{6496C654-A01E-4165-A35A-F7B8A0FE884D}.Debug|Any CPU.ActiveCfg = Debug|Any CPU
		{6496C654-A01E-4165-A35A-F7B8A0FE884D}.Release|Any CPU.ActiveCfg = Release|Any CPU
	EndGlobalSection
	GlobalSection(SolutionProperties) = preSolution
		HideSolutionNode = FALSE
	EndGlobalSection
	GlobalSection(ExtensibilityGlobals) = postSolution
		SolutionGuid = {2656D552-1A19-428C-B1AC-EE24CCE87500}
	EndGlobalSection
EndGlobal
